
Microsoft Visual Studio Solution File, Format Version 12.00
# Visual Studio 2012
Project("{FAE04EC0-301F-11D3-BF4B-00C04F79EFBC}") = "WebApplication2", "WebApplication2\WebApplication2.csproj", "{53B4B0E3-412E-487F-9A6F-BE66997B5C0C}"
EndProject
Global
	GlobalSection(SolutionConfigurationPlatforms) = preSolution
		Debug|Any CPU = Debug|Any CPU
		Release|Any CPU = Release|Any CPU
	EndGlobalSection
	GlobalSection(ProjectConfigurationPlatforms) = postSolution
		{53B4B0E3-412E-487F-9A6F-BE66997B5C0C}.Debug|Any CPU.ActiveCfg = Debug|Any CPU
		{53B4B0E3-412E-487F-9A6F-BE66997B5C0C}.Debug|Any CPU.Build.0 = Debug|Any CPU
		{53B4B0E3-412E-487F-9A6F-BE66997B5C0C}.Release|Any CPU.ActiveCfg = Release|Any CPU
		{53B4B0E3-412E-487F-9A6F-BE66997B5C0C}.Release|Any CPU.Build.0 = Release|Any CPU
	EndGlobalSection
	GlobalSection(SolutionProperties) = preSolution
		HideSolutionNode = FALSE
	EndGlobalSection
EndGlobal
